
Microsoft Visual Studio Solution File, Format Version 12.00
# Visual Studio 15
VisualStudioVersion = 15.0.27004.2009
MinimumVisualStudioVersion = 10.0.40219.1
Project("{FAE04EC0-301F-11D3-BF4B-00C04F79EFBC}") = "Hotel Corporate System", "Hotel Corporate System\Hotel Corporate System.csproj", "{B9B68490-8B3E-4CF1-83D3-E34294F94F0F}"
EndProject
Global
	GlobalSection(SolutionConfigurationPlatforms) = preSolution
		Debug|Any CPU = Debug|Any CPU
		Release|Any CPU = Release|Any CPU
	EndGlobalSection
	GlobalSection(ProjectConfigurationPlatforms) = postSolution
		{B9B68490-8B3E-4CF1-83D3-E34294F94F0F}.Debug|Any CPU.ActiveCfg = Debug|Any CPU
		{B9B68490-8B3E-4CF1-83D3-E34294F94F0F}.Debug|Any CPU.Build.0 = Debug|Any CPU
		{B9B68490-8B3E-4CF1-83D3-E34294F94F0F}.Release|Any CPU.ActiveCfg = Release|Any CPU
		{B9B68490-8B3E-4CF1-83D3-E34294F94F0F}.Release|Any CPU.Build.0 = Release|Any CPU
	EndGlobalSection
	GlobalSection(SolutionProperties) = preSolution
		HideSolutionNode = FALSE
	EndGlobalSection
	GlobalSection(ExtensibilityGlobals) = postSolution
		SolutionGuid = {FEFEC6C7-17F2-43A6-9E92-E63E9876491B}
	EndGlobalSection
EndGlobal
